
Microsoft Visual Studio Solution File, Format Version 12.00
# Visual Studio 15
VisualStudioVersion = 15.0.28010.2041
MinimumVisualStudioVersion = 10.0.40219.1
Project("{9A19103F-16F7-4668-BE54-9A1E7A4F7556}") = "ZWaveCore", "ZWaveCore\ZWaveCore.csproj", "{91BAA3C2-7AA7-4158-B005-160ADB1D9573}"
EndProject
Project("{FAE04EC0-301F-11D3-BF4B-00C04F79EFBC}") = "ZWaveConsole", "ZWaveConsole\ZWaveConsole.csproj", "{27F8A0F1-FABD-4E0D-BA56-5F7C7EAF0525}"
EndProject
Project("{FAE04EC0-301F-11D3-BF4B-00C04F79EFBC}") = "ZWaveTest", "ZWaveTest\ZWaveTest.csproj", "{88384F43-8228-44DE-98EC-C9F3C7A14C1D}"
EndProject
Global
	GlobalSection(SolutionConfigurationPlatforms) = preSolution
		Debug|Any CPU = Debug|Any CPU
		Release|Any CPU = Release|Any CPU
	EndGlobalSection
	GlobalSection(ProjectConfigurationPlatforms) = postSolution
		{91BAA3C2-7AA7-4158-B005-160ADB1D9573}.Debug|Any CPU.ActiveCfg = Debug|Any CPU
		{91BAA3C2-7AA7-4158-B005-160ADB1D9573}.Debug|Any CPU.Build.0 = Debug|Any CPU
		{91BAA3C2-7AA7-4158-B005-160ADB1D9573}.Release|Any CPU.ActiveCfg = Release|Any CPU
		{91BAA3C2-7AA7-4158-B005-160ADB1D9573}.Release|Any CPU.Build.0 = Release|Any CPU
		{27F8A0F1-FABD-4E0D-BA56-5F7C7EAF0525}.Debug|Any CPU.ActiveCfg = Debug|Any CPU
		{27F8A0F1-FABD-4E0D-BA56-5F7C7EAF0525}.Debug|Any CPU.Build.0 = Debug|Any CPU
		{27F8A0F1-FABD-4E0D-BA56-5F7C7EAF0525}.Release|Any CPU.ActiveCfg = Release|Any CPU
		{27F8A0F1-FABD-4E0D-BA56-5F7C7EAF0525}.Release|Any CPU.Build.0 = Release|Any CPU
		{88384F43-8228-44DE-98EC-C9F3C7A14C1D}.Debug|Any CPU.ActiveCfg = Debug|Any CPU
		{88384F43-8228-44DE-98EC-C9F3C7A14C1D}.Debug|Any CPU.Build.0 = Debug|Any CPU
		{88384F43-8228-44DE-98EC-C9F3C7A14C1D}.Release|Any CPU.ActiveCfg = Release|Any CPU
		{88384F43-8228-44DE-98EC-C9F3C7A14C1D}.Release|Any CPU.Build.0 = Release|Any CPU
	EndGlobalSection
	GlobalSection(SolutionProperties) = preSolution
		HideSolutionNode = FALSE
	EndGlobalSection
	GlobalSection(ExtensibilityGlobals) = postSolution
		SolutionGuid = {4C64F0FD-0C93-471C-BE5E-74E73A5A3E3C}
	EndGlobalSection
EndGlobal
